
Microsoft Visual Studio Solution File, Format Version 12.00
# Visual Studio Version 16
VisualStudioVersion = 16.0.31729.503
MinimumVisualStudioVersion = 10.0.40219.1
Project("{FAE04EC0-301F-11D3-BF4B-00C04F79EFBC}") = "Praktikum14", "Praktikum14\Praktikum14.csproj", "{43EC123A-2350-45E2-9989-D82C25A2070B}"
EndProject
Global
	GlobalSection(SolutionConfigurationPlatforms) = preSolution
		Debug|Any CPU = Debug|Any CPU
		Release|Any CPU = Release|Any CPU
	EndGlobalSection
	GlobalSection(ProjectConfigurationPlatforms) = postSolution
		{43EC123A-2350-45E2-9989-D82C25A2070B}.Debug|Any CPU.ActiveCfg = Debug|Any CPU
		{43EC123A-2350-45E2-9989-D82C25A2070B}.Debug|Any CPU.Build.0 = Debug|Any CPU
		{43EC123A-2350-45E2-9989-D82C25A2070B}.Release|Any CPU.ActiveCfg = Release|Any CPU
		{43EC123A-2350-45E2-9989-D82C25A2070B}.Release|Any CPU.Build.0 = Release|Any CPU
	EndGlobalSection
	GlobalSection(SolutionProperties) = preSolution
		HideSolutionNode = FALSE
	EndGlobalSection
	GlobalSection(ExtensibilityGlobals) = postSolution
		SolutionGuid = {ECA10958-0B1E-4B98-B195-0C630E6C8A73}
	EndGlobalSection
EndGlobal
